#    _____  _________  _____________  _______
#   / __/ |/ / __/ _ \/ ___/  _/_  / / __/ _ \ 
#  / _// ,  / _// , _/ (_ // /  / /_/ _// // /
# /___/_/|_/___/_/|_|\___/___/ /___/___/____/
#
#    P   R   O   T   E   C   T   I   O   N
# --------------------------------------------
#          ad.porn.malware blocking.
#                   ------
#      Merged collection of hosts from
#             reputable sources.
# --------------------------------------------
#               energized.pro
#    github.com/EnergizedProtection/block
# --------------------------------------------
#
#        Let's make an annoyance free
#      better open internet. Altogether.
#                  ------
#
# --------------------------------------------
# P A C K  D E T A I L S
# --------------------------------------------
# Title: Energized Blu Protection
# Description: A Mid Ranger Flagship Protection Pack.
# Format: domain list
# Version: 22.11.334
# Release: 334
# Entries: 
# Pack Code: E8LU-P
# License: MIT, https://energized.pro/license
# Updated: Wed, 30 Nov 22 16:59:15 +06
# RAW: https://block.energized.pro/blu/formats/domains.txt
# --------------------------------------------
#
# --------------------------------------------
# F E A T U R E S
# --------------------------------------------
# _hosts based: based on Hosts file.
# _any device: compatible with all devices.
# _blockings: strictly blocks web annoyances.
# _formats: most used formats.
# _speed: reduces page loading time.
# _privacy: increases privacy.
# _saves expense: decreases data consumption.
# _clean: no extra abracadabra!
# --------------------------------------------
#
# --------------------------------------------
# T E A M  B O L T Z - meet the team
# --------------------------------------------
# @AdroitAdorKhan - Head Developer & Maintainer
# @AvinashReddy3108 - Developer
# @badmojr - Maintainer
# --------------------------------------------
#
# --------------------------------------------
# E N E R G I Z E D  B E G I N S
# --------------------------------------------
payload:
# --------------------------------------------
# E N E R G I Z E D  E N D S
# --------------------------------------------
#
# - - - -  S T A Y  E N E R G I Z E D  - - - -