name: Download adblock source list

on:
  schedule:
    - cron: 0 */12 * * *
  workflow_dispatch:

jobs:
  build:
    runs-on: ubuntu-latest
    steps:
      - uses: actions/checkout@v3
      - name: oisd_dbl_full
        run: |
          echo "Downloading OISD Full source list..."
          curl -s https://dbl.oisd.nl/ oisd_dbl_full.yaml
          sed -ie '/^#/! s/^/  - DOMAIN,/' oisd_dbl_full.yaml
          sed -i '7s/  - DOMAIN,/\npayload:/' oisd_dbl_full.yaml
          rm -fr oisd_dbl_full.yamle
          
          echo "Downloading ABPindo source list..."
          curl -s https://raw.githubusercontent.com/ABPindo/indonesianadblockrules/master/subscriptions/domain_annoyance.txt -o abpindo_annoyance_adblock.yaml
          sed -ie 's/^/  - DOMAIN,/' abpindo_annoyance_adblock.yaml
          sed -i '1 i\payload:' abpindo_annoyance_adblock.yaml
          sed -i '1 i\# Sumber: ABPindo_annoyance https://github.com/ABPindo/indonesianadblockrules' abpindo_annoyance_adblock.yaml
          rm -fr abpindo_annoyance_adblock.yamle
      - uses: stefanzweifel/git-auto-commit-action@v4
        with:
          commit_message: Automatic update
